
Microsoft Visual Studio Solution File, Format Version 12.00
# Visual Studio 15
VisualStudioVersion = 15.0.28307.1022
MinimumVisualStudioVersion = 10.0.40219.1
Project("{FAE04EC0-301F-11D3-BF4B-00C04F79EFBC}") = "1", "1\1.csproj", "{BE32B78A-9E05-4146-9180-19B857CA00B1}"
EndProject
Global
	GlobalSection(SolutionConfigurationPlatforms) = preSolution
		Debug|Any CPU = Debug|Any CPU
		Release|Any CPU = Release|Any CPU
	EndGlobalSection
	GlobalSection(ProjectConfigurationPlatforms) = postSolution
		{BE32B78A-9E05-4146-9180-19B857CA00B1}.Debug|Any CPU.ActiveCfg = Debug|Any CPU
		{BE32B78A-9E05-4146-9180-19B857CA00B1}.Debug|Any CPU.Build.0 = Debug|Any CPU
		{BE32B78A-9E05-4146-9180-19B857CA00B1}.Release|Any CPU.ActiveCfg = Release|Any CPU
		{BE32B78A-9E05-4146-9180-19B857CA00B1}.Release|Any CPU.Build.0 = Release|Any CPU
	EndGlobalSection
	GlobalSection(SolutionProperties) = preSolution
		HideSolutionNode = FALSE
	EndGlobalSection
	GlobalSection(ExtensibilityGlobals) = postSolution
		SolutionGuid = {AA52256C-5C2F-4BD3-A4C8-5807EEB04E1F}
	EndGlobalSection
EndGlobal
