
Microsoft Visual Studio Solution File, Format Version 12.00
# Visual Studio 15
VisualStudioVersion = 15.0.28307.1022
MinimumVisualStudioVersion = 10.0.40219.1
Project("{FAE04EC0-301F-11D3-BF4B-00C04F79EFBC}") = "WpfApp2", "WpfApp2\WpfApp2.csproj", "{CAD165FF-475A-4C51-8775-4AAC3747E4EB}"
EndProject
Global
	GlobalSection(SolutionConfigurationPlatforms) = preSolution
		Debug|Any CPU = Debug|Any CPU
		Release|Any CPU = Release|Any CPU
	EndGlobalSection
	GlobalSection(ProjectConfigurationPlatforms) = postSolution
		{CAD165FF-475A-4C51-8775-4AAC3747E4EB}.Debug|Any CPU.ActiveCfg = Debug|Any CPU
		{CAD165FF-475A-4C51-8775-4AAC3747E4EB}.Debug|Any CPU.Build.0 = Debug|Any CPU
		{CAD165FF-475A-4C51-8775-4AAC3747E4EB}.Release|Any CPU.ActiveCfg = Release|Any CPU
		{CAD165FF-475A-4C51-8775-4AAC3747E4EB}.Release|Any CPU.Build.0 = Release|Any CPU
	EndGlobalSection
	GlobalSection(SolutionProperties) = preSolution
		HideSolutionNode = FALSE
	EndGlobalSection
	GlobalSection(ExtensibilityGlobals) = postSolution
		SolutionGuid = {BA9274A2-5219-4623-B7AF-F3A7E85255D6}
	EndGlobalSection
EndGlobal
