
Microsoft Visual Studio Solution File, Format Version 12.00
# Visual Studio Version 16
VisualStudioVersion = 16.0.29728.190
MinimumVisualStudioVersion = 10.0.40219.1
Project("{FAE04EC0-301F-11D3-BF4B-00C04F79EFBC}") = "laba3", "laba3\laba3.csproj", "{0647802D-4B4B-4174-8613-D393346C83A3}"
EndProject
Global
	GlobalSection(SolutionConfigurationPlatforms) = preSolution
		Debug|Any CPU = Debug|Any CPU
		Release|Any CPU = Release|Any CPU
	EndGlobalSection
	GlobalSection(ProjectConfigurationPlatforms) = postSolution
		{0647802D-4B4B-4174-8613-D393346C83A3}.Debug|Any CPU.ActiveCfg = Debug|Any CPU
		{0647802D-4B4B-4174-8613-D393346C83A3}.Debug|Any CPU.Build.0 = Debug|Any CPU
		{0647802D-4B4B-4174-8613-D393346C83A3}.Release|Any CPU.ActiveCfg = Release|Any CPU
		{0647802D-4B4B-4174-8613-D393346C83A3}.Release|Any CPU.Build.0 = Release|Any CPU
	EndGlobalSection
	GlobalSection(SolutionProperties) = preSolution
		HideSolutionNode = FALSE
	EndGlobalSection
	GlobalSection(ExtensibilityGlobals) = postSolution
		SolutionGuid = {5E764EF8-3120-4A63-B728-E453C107C2CD}
	EndGlobalSection
EndGlobal
